
Microsoft Visual Studio Solution File, Format Version 12.00
# Visual Studio Version 16
VisualStudioVersion = 16.0.30114.105
MinimumVisualStudioVersion = 10.0.40219.1
Project("{FAE04EC0-301F-11D3-BF4B-00C04F79EFBC}") = "MyClasses", "MyClasses\MyClasses.csproj", "{E416F53F-0ADC-4CFF-86DC-9FD5DC629DF7}"
EndProject
Project("{FAE04EC0-301F-11D3-BF4B-00C04F79EFBC}") = "MyTests", "MyTests\MyTests.csproj", "{152936F2-9A1E-4B6A-BFA5-278B6556EC2C}"
EndProject
Global
	GlobalSection(SolutionConfigurationPlatforms) = preSolution
		Debug|Any CPU = Debug|Any CPU
		Release|Any CPU = Release|Any CPU
	EndGlobalSection
	GlobalSection(SolutionProperties) = preSolution
		HideSolutionNode = FALSE
	EndGlobalSection
	GlobalSection(ProjectConfigurationPlatforms) = postSolution
		{E416F53F-0ADC-4CFF-86DC-9FD5DC629DF7}.Debug|Any CPU.ActiveCfg = Debug|Any CPU
		{E416F53F-0ADC-4CFF-86DC-9FD5DC629DF7}.Debug|Any CPU.Build.0 = Debug|Any CPU
		{E416F53F-0ADC-4CFF-86DC-9FD5DC629DF7}.Release|Any CPU.ActiveCfg = Release|Any CPU
		{E416F53F-0ADC-4CFF-86DC-9FD5DC629DF7}.Release|Any CPU.Build.0 = Release|Any CPU
		{152936F2-9A1E-4B6A-BFA5-278B6556EC2C}.Debug|Any CPU.ActiveCfg = Debug|Any CPU
		{152936F2-9A1E-4B6A-BFA5-278B6556EC2C}.Debug|Any CPU.Build.0 = Debug|Any CPU
		{152936F2-9A1E-4B6A-BFA5-278B6556EC2C}.Release|Any CPU.ActiveCfg = Release|Any CPU
		{152936F2-9A1E-4B6A-BFA5-278B6556EC2C}.Release|Any CPU.Build.0 = Release|Any CPU
	EndGlobalSection
EndGlobal
